
Microsoft Visual Studio Solution File, Format Version 12.00
# Visual Studio Version 17
VisualStudioVersion = 17.0.31903.59
MinimumVisualStudioVersion = 10.0.40219.1
Project("{FAE04EC0-301F-11D3-BF4B-00C04F79EFBC}") = "IdentityServer.Duende", "IdentityServer.Duende\IdentityServer.Duende.csproj", "{76D6C31F-C6BE-445A-8781-32FAF5ACCB0E}"
EndProject
Global
	GlobalSection(SolutionConfigurationPlatforms) = preSolution
		Debug|Any CPU = Debug|Any CPU
		Release|Any CPU = Release|Any CPU
	EndGlobalSection
	GlobalSection(SolutionProperties) = preSolution
		HideSolutionNode = FALSE
	EndGlobalSection
	GlobalSection(ProjectConfigurationPlatforms) = postSolution
		{76D6C31F-C6BE-445A-8781-32FAF5ACCB0E}.Debug|Any CPU.ActiveCfg = Debug|Any CPU
		{76D6C31F-C6BE-445A-8781-32FAF5ACCB0E}.Debug|Any CPU.Build.0 = Debug|Any CPU
		{76D6C31F-C6BE-445A-8781-32FAF5ACCB0E}.Release|Any CPU.ActiveCfg = Release|Any CPU
		{76D6C31F-C6BE-445A-8781-32FAF5ACCB0E}.Release|Any CPU.Build.0 = Release|Any CPU
	EndGlobalSection
EndGlobal
